# THIS IS AN AUTOGENERATED FILE. DO NOT EDIT THIS FILE DIRECTLY.
# yarn lockfile v1


create-vite@^5.5.2:
  version "5.5.2"
  resolved "https://registry.yarnpkg.com/create-vite/-/create-vite-5.5.2.tgz#7e5119e338f0240986885fb5e1854e57afefa6c1"
  integrity sha512-glwkD5XS2NzNldnYfdyMHZjG15D0LkUvpzbPvwyLtNxiWjpfMvbS430saoBl7B1J3ldJpbtov7dkQVJN0jkn9Q==
